
Microsoft Visual Studio Solution File, Format Version 12.00
# Visual Studio Version 16
VisualStudioVersion = 16.0.31605.320
MinimumVisualStudioVersion = 10.0.40219.1
Project("{2150E333-8FDC-42A3-9474-1A3956D46DE8}") = "src", "src", "{DF6B3209-9E55-463E-BC8A-18976EB16493}"
EndProject
Project("{2150E333-8FDC-42A3-9474-1A3956D46DE8}") = "server", "server", "{09EED95C-23C1-484C-A10E-6E04978FC901}"
EndProject
Project("{2150E333-8FDC-42A3-9474-1A3956D46DE8}") = "services", "services", "{7514B39B-B785-4323-B18A-D1A993E01BA3}"
EndProject
Project("{D954291E-2A0B-460D-934E-DC6B0785DB48}") = "Micro.Shared", "src\server\Micro.Shared\Micro.Shared.shproj", "{208B2D9F-E130-4694-829D-F8BAD98C5DCB}"
EndProject
Project("{9A19103F-16F7-4668-BE54-9A1E7A4F7556}") = "Micro.IdentityServer", "src\server\Micro.IdentityServer\Micro.IdentityServer.csproj", "{F00F520F-8093-4199-B40F-63E0F3B4E840}"
EndProject
Project("{2150E333-8FDC-42A3-9474-1A3956D46DE8}") = "catalog", "catalog", "{FB4884D6-464A-45D7-9C8A-0C816EB492BA}"
EndProject
Project("{9A19103F-16F7-4668-BE54-9A1E7A4F7556}") = "Micro.Catalog", "src\server\services\catalog\Micro.Catalog\Micro.Catalog.csproj", "{BD83BBDD-B5FE-433D-AA5B-7091BC3A086E}"
EndProject
Project("{2150E333-8FDC-42A3-9474-1A3956D46DE8}") = "photostock", "photostock", "{BB81FB26-EDB5-41C9-92D1-5668B0E7228B}"
EndProject
Project("{2150E333-8FDC-42A3-9474-1A3956D46DE8}") = "basket", "basket", "{BEE60982-4F8A-447C-8442-6F64EB3C0B1D}"
EndProject
Project("{2150E333-8FDC-42A3-9474-1A3956D46DE8}") = "discount", "discount", "{A4261B01-99D7-4259-8E33-AAF1FEA6EA4F}"
EndProject
Project("{2150E333-8FDC-42A3-9474-1A3956D46DE8}") = "order", "order", "{2AB94811-73FE-4375-B8C7-E12EA26CFFB1}"
EndProject
Project("{9A19103F-16F7-4668-BE54-9A1E7A4F7556}") = "Micro.Basket", "src\server\services\basket\Micro.Basket\Micro.Basket.csproj", "{EB0DBB1C-C7B7-4D13-AC6E-355007219B5E}"
EndProject
Project("{9A19103F-16F7-4668-BE54-9A1E7A4F7556}") = "Micro.Discount", "src\server\services\discount\Micro.Discount\Micro.Discount.csproj", "{30405137-751E-44B3-80FE-81B1B48586D8}"
EndProject
Project("{9A19103F-16F7-4668-BE54-9A1E7A4F7556}") = "Micro.Photostock", "src\server\services\photostock\Micro.Photostock\Micro.Photostock.csproj", "{60C68EA0-3ED9-4ED9-9F0B-DBF5ED673852}"
EndProject
Project("{9A19103F-16F7-4668-BE54-9A1E7A4F7556}") = "Micro.Order", "src\server\services\order\Micro.Order\Micro.Order.csproj", "{B12BEB54-B19B-4923-909E-774188EC6811}"
EndProject
Project("{9A19103F-16F7-4668-BE54-9A1E7A4F7556}") = "Micro.Order.Application", "src\server\services\order\Micro.Order.Application\Micro.Order.Application.csproj", "{2BBCDB8C-3A76-4914-A56F-2EEB3E3E7559}"
EndProject
Project("{9A19103F-16F7-4668-BE54-9A1E7A4F7556}") = "Micro.Order.Domain", "src\server\services\order\Micro.Order.Domain\Micro.Order.Domain.csproj", "{6AD629BE-19ED-4FA2-A061-F3D49E1F7F62}"
EndProject
Project("{9A19103F-16F7-4668-BE54-9A1E7A4F7556}") = "Micro.Order.Domain.Core", "src\server\services\order\Micro.Order.Domain.Core\Micro.Order.Domain.Core.csproj", "{BF979DC7-DA22-4B67-850B-9B39D3384641}"
EndProject
Project("{9A19103F-16F7-4668-BE54-9A1E7A4F7556}") = "Micro.Order.Infrastructure", "src\server\services\order\Micro.Order.Infrastructure\Micro.Order.Infrastructure.csproj", "{A98865E0-9D2C-477B-8E46-2364F0FD8D5F}"
EndProject
Project("{2150E333-8FDC-42A3-9474-1A3956D46DE8}") = "payment", "payment", "{4AA1DA7A-100B-4EBF-B18B-FD545F5F27C3}"
EndProject
Project("{9A19103F-16F7-4668-BE54-9A1E7A4F7556}") = "Micro.Payment", "src\server\services\payment\Micro.Payment\Micro.Payment.csproj", "{ACED74FB-22AB-458D-A851-5D8F9D94DE00}"
EndProject
Project("{2150E333-8FDC-42A3-9474-1A3956D46DE8}") = "gateway", "gateway", "{0D4A0CAA-B6CF-4676-956C-FED883BB0A78}"
EndProject
Project("{9A19103F-16F7-4668-BE54-9A1E7A4F7556}") = "Micro.Gateway", "src\gateway\Micro.Gateway\Micro.Gateway.csproj", "{6ED11AD6-3566-495C-981E-13DB0E797FBC}"
EndProject
Project("{2150E333-8FDC-42A3-9474-1A3956D46DE8}") = "client", "client", "{F4117856-45D8-490E-B9F1-71355AA0745C}"
EndProject
Project("{2150E333-8FDC-42A3-9474-1A3956D46DE8}") = "web", "web", "{C5A2E5A3-0855-4A3B-B585-DE1497591494}"
EndProject
Project("{FAE04EC0-301F-11D3-BF4B-00C04F79EFBC}") = "Micro.WebUI", "src\client\web\Micro.WebUI\Micro.WebUI.csproj", "{06409697-0514-4D62-A35E-3650AC82BFBA}"
EndProject
Global
	GlobalSection(SharedMSBuildProjectFiles) = preSolution
		src\server\Micro.Shared\Micro.Shared.projitems*{06409697-0514-4d62-a35e-3650ac82bfba}*SharedItemsImports = 5
		src\server\Micro.Shared\Micro.Shared.projitems*{208b2d9f-e130-4694-829d-f8bad98c5dcb}*SharedItemsImports = 13
		src\server\Micro.Shared\Micro.Shared.projitems*{2bbcdb8c-3a76-4914-a56f-2eeb3e3e7559}*SharedItemsImports = 5
		src\server\Micro.Shared\Micro.Shared.projitems*{30405137-751e-44b3-80fe-81b1b48586d8}*SharedItemsImports = 5
		src\server\Micro.Shared\Micro.Shared.projitems*{60c68ea0-3ed9-4ed9-9f0b-dbf5ed673852}*SharedItemsImports = 5
		src\server\Micro.Shared\Micro.Shared.projitems*{aced74fb-22ab-458d-a851-5d8f9d94de00}*SharedItemsImports = 5
		src\server\Micro.Shared\Micro.Shared.projitems*{bd83bbdd-b5fe-433d-aa5b-7091bc3a086e}*SharedItemsImports = 5
		src\server\Micro.Shared\Micro.Shared.projitems*{eb0dbb1c-c7b7-4d13-ac6e-355007219b5e}*SharedItemsImports = 5
		src\server\Micro.Shared\Micro.Shared.projitems*{f00f520f-8093-4199-b40f-63e0f3b4e840}*SharedItemsImports = 5
	EndGlobalSection
	GlobalSection(SolutionConfigurationPlatforms) = preSolution
		Debug|Any CPU = Debug|Any CPU
		Release|Any CPU = Release|Any CPU
	EndGlobalSection
	GlobalSection(ProjectConfigurationPlatforms) = postSolution
		{F00F520F-8093-4199-B40F-63E0F3B4E840}.Debug|Any CPU.ActiveCfg = Debug|Any CPU
		{F00F520F-8093-4199-B40F-63E0F3B4E840}.Debug|Any CPU.Build.0 = Debug|Any CPU
		{F00F520F-8093-4199-B40F-63E0F3B4E840}.Release|Any CPU.ActiveCfg = Release|Any CPU
		{F00F520F-8093-4199-B40F-63E0F3B4E840}.Release|Any CPU.Build.0 = Release|Any CPU
		{BD83BBDD-B5FE-433D-AA5B-7091BC3A086E}.Debug|Any CPU.ActiveCfg = Debug|Any CPU
		{BD83BBDD-B5FE-433D-AA5B-7091BC3A086E}.Debug|Any CPU.Build.0 = Debug|Any CPU
		{BD83BBDD-B5FE-433D-AA5B-7091BC3A086E}.Release|Any CPU.ActiveCfg = Release|Any CPU
		{BD83BBDD-B5FE-433D-AA5B-7091BC3A086E}.Release|Any CPU.Build.0 = Release|Any CPU
		{EB0DBB1C-C7B7-4D13-AC6E-355007219B5E}.Debug|Any CPU.ActiveCfg = Debug|Any CPU
		{EB0DBB1C-C7B7-4D13-AC6E-355007219B5E}.Debug|Any CPU.Build.0 = Debug|Any CPU
		{EB0DBB1C-C7B7-4D13-AC6E-355007219B5E}.Release|Any CPU.ActiveCfg = Release|Any CPU
		{EB0DBB1C-C7B7-4D13-AC6E-355007219B5E}.Release|Any CPU.Build.0 = Release|Any CPU
		{30405137-751E-44B3-80FE-81B1B48586D8}.Debug|Any CPU.ActiveCfg = Debug|Any CPU
		{30405137-751E-44B3-80FE-81B1B48586D8}.Debug|Any CPU.Build.0 = Debug|Any CPU
		{30405137-751E-44B3-80FE-81B1B48586D8}.Release|Any CPU.ActiveCfg = Release|Any CPU
		{30405137-751E-44B3-80FE-81B1B48586D8}.Release|Any CPU.Build.0 = Release|Any CPU
		{60C68EA0-3ED9-4ED9-9F0B-DBF5ED673852}.Debug|Any CPU.ActiveCfg = Debug|Any CPU
		{60C68EA0-3ED9-4ED9-9F0B-DBF5ED673852}.Debug|Any CPU.Build.0 = Debug|Any CPU
		{60C68EA0-3ED9-4ED9-9F0B-DBF5ED673852}.Release|Any CPU.ActiveCfg = Release|Any CPU
		{60C68EA0-3ED9-4ED9-9F0B-DBF5ED673852}.Release|Any CPU.Build.0 = Release|Any CPU
		{B12BEB54-B19B-4923-909E-774188EC6811}.Debug|Any CPU.ActiveCfg = Debug|Any CPU
		{B12BEB54-B19B-4923-909E-774188EC6811}.Debug|Any CPU.Build.0 = Debug|Any CPU
		{B12BEB54-B19B-4923-909E-774188EC6811}.Release|Any CPU.ActiveCfg = Release|Any CPU
		{B12BEB54-B19B-4923-909E-774188EC6811}.Release|Any CPU.Build.0 = Release|Any CPU
		{2BBCDB8C-3A76-4914-A56F-2EEB3E3E7559}.Debug|Any CPU.ActiveCfg = Debug|Any CPU
		{2BBCDB8C-3A76-4914-A56F-2EEB3E3E7559}.Debug|Any CPU.Build.0 = Debug|Any CPU
		{2BBCDB8C-3A76-4914-A56F-2EEB3E3E7559}.Release|Any CPU.ActiveCfg = Release|Any CPU
		{2BBCDB8C-3A76-4914-A56F-2EEB3E3E7559}.Release|Any CPU.Build.0 = Release|Any CPU
		{6AD629BE-19ED-4FA2-A061-F3D49E1F7F62}.Debug|Any CPU.ActiveCfg = Debug|Any CPU
		{6AD629BE-19ED-4FA2-A061-F3D49E1F7F62}.Debug|Any CPU.Build.0 = Debug|Any CPU
		{6AD629BE-19ED-4FA2-A061-F3D49E1F7F62}.Release|Any CPU.ActiveCfg = Release|Any CPU
		{6AD629BE-19ED-4FA2-A061-F3D49E1F7F62}.Release|Any CPU.Build.0 = Release|Any CPU
		{BF979DC7-DA22-4B67-850B-9B39D3384641}.Debug|Any CPU.ActiveCfg = Debug|Any CPU
		{BF979DC7-DA22-4B67-850B-9B39D3384641}.Debug|Any CPU.Build.0 = Debug|Any CPU
		{BF979DC7-DA22-4B67-850B-9B39D3384641}.Release|Any CPU.ActiveCfg = Release|Any CPU
		{BF979DC7-DA22-4B67-850B-9B39D3384641}.Release|Any CPU.Build.0 = Release|Any CPU
		{A98865E0-9D2C-477B-8E46-2364F0FD8D5F}.Debug|Any CPU.ActiveCfg = Debug|Any CPU
		{A98865E0-9D2C-477B-8E46-2364F0FD8D5F}.Debug|Any CPU.Build.0 = Debug|Any CPU
		{A98865E0-9D2C-477B-8E46-2364F0FD8D5F}.Release|Any CPU.ActiveCfg = Release|Any CPU
		{A98865E0-9D2C-477B-8E46-2364F0FD8D5F}.Release|Any CPU.Build.0 = Release|Any CPU
		{ACED74FB-22AB-458D-A851-5D8F9D94DE00}.Debug|Any CPU.ActiveCfg = Debug|Any CPU
		{ACED74FB-22AB-458D-A851-5D8F9D94DE00}.Debug|Any CPU.Build.0 = Debug|Any CPU
		{ACED74FB-22AB-458D-A851-5D8F9D94DE00}.Release|Any CPU.ActiveCfg = Release|Any CPU
		{ACED74FB-22AB-458D-A851-5D8F9D94DE00}.Release|Any CPU.Build.0 = Release|Any CPU
		{6ED11AD6-3566-495C-981E-13DB0E797FBC}.Debug|Any CPU.ActiveCfg = Debug|Any CPU
		{6ED11AD6-3566-495C-981E-13DB0E797FBC}.Debug|Any CPU.Build.0 = Debug|Any CPU
		{6ED11AD6-3566-495C-981E-13DB0E797FBC}.Release|Any CPU.ActiveCfg = Release|Any CPU
		{6ED11AD6-3566-495C-981E-13DB0E797FBC}.Release|Any CPU.Build.0 = Release|Any CPU
		{06409697-0514-4D62-A35E-3650AC82BFBA}.Debug|Any CPU.ActiveCfg = Debug|Any CPU
		{06409697-0514-4D62-A35E-3650AC82BFBA}.Debug|Any CPU.Build.0 = Debug|Any CPU
		{06409697-0514-4D62-A35E-3650AC82BFBA}.Release|Any CPU.ActiveCfg = Release|Any CPU
		{06409697-0514-4D62-A35E-3650AC82BFBA}.Release|Any CPU.Build.0 = Release|Any CPU
	EndGlobalSection
	GlobalSection(SolutionProperties) = preSolution
		HideSolutionNode = FALSE
	EndGlobalSection
	GlobalSection(NestedProjects) = preSolution
		{09EED95C-23C1-484C-A10E-6E04978FC901} = {DF6B3209-9E55-463E-BC8A-18976EB16493}
		{7514B39B-B785-4323-B18A-D1A993E01BA3} = {09EED95C-23C1-484C-A10E-6E04978FC901}
		{208B2D9F-E130-4694-829D-F8BAD98C5DCB} = {09EED95C-23C1-484C-A10E-6E04978FC901}
		{F00F520F-8093-4199-B40F-63E0F3B4E840} = {09EED95C-23C1-484C-A10E-6E04978FC901}
		{FB4884D6-464A-45D7-9C8A-0C816EB492BA} = {7514B39B-B785-4323-B18A-D1A993E01BA3}
		{BD83BBDD-B5FE-433D-AA5B-7091BC3A086E} = {FB4884D6-464A-45D7-9C8A-0C816EB492BA}
		{BB81FB26-EDB5-41C9-92D1-5668B0E7228B} = {7514B39B-B785-4323-B18A-D1A993E01BA3}
		{BEE60982-4F8A-447C-8442-6F64EB3C0B1D} = {7514B39B-B785-4323-B18A-D1A993E01BA3}
		{A4261B01-99D7-4259-8E33-AAF1FEA6EA4F} = {7514B39B-B785-4323-B18A-D1A993E01BA3}
		{2AB94811-73FE-4375-B8C7-E12EA26CFFB1} = {7514B39B-B785-4323-B18A-D1A993E01BA3}
		{EB0DBB1C-C7B7-4D13-AC6E-355007219B5E} = {BEE60982-4F8A-447C-8442-6F64EB3C0B1D}
		{30405137-751E-44B3-80FE-81B1B48586D8} = {A4261B01-99D7-4259-8E33-AAF1FEA6EA4F}
		{60C68EA0-3ED9-4ED9-9F0B-DBF5ED673852} = {BB81FB26-EDB5-41C9-92D1-5668B0E7228B}
		{B12BEB54-B19B-4923-909E-774188EC6811} = {2AB94811-73FE-4375-B8C7-E12EA26CFFB1}
		{2BBCDB8C-3A76-4914-A56F-2EEB3E3E7559} = {2AB94811-73FE-4375-B8C7-E12EA26CFFB1}
		{6AD629BE-19ED-4FA2-A061-F3D49E1F7F62} = {2AB94811-73FE-4375-B8C7-E12EA26CFFB1}
		{BF979DC7-DA22-4B67-850B-9B39D3384641} = {2AB94811-73FE-4375-B8C7-E12EA26CFFB1}
		{A98865E0-9D2C-477B-8E46-2364F0FD8D5F} = {2AB94811-73FE-4375-B8C7-E12EA26CFFB1}
		{4AA1DA7A-100B-4EBF-B18B-FD545F5F27C3} = {7514B39B-B785-4323-B18A-D1A993E01BA3}
		{ACED74FB-22AB-458D-A851-5D8F9D94DE00} = {4AA1DA7A-100B-4EBF-B18B-FD545F5F27C3}
		{0D4A0CAA-B6CF-4676-956C-FED883BB0A78} = {DF6B3209-9E55-463E-BC8A-18976EB16493}
		{6ED11AD6-3566-495C-981E-13DB0E797FBC} = {0D4A0CAA-B6CF-4676-956C-FED883BB0A78}
		{F4117856-45D8-490E-B9F1-71355AA0745C} = {DF6B3209-9E55-463E-BC8A-18976EB16493}
		{C5A2E5A3-0855-4A3B-B585-DE1497591494} = {F4117856-45D8-490E-B9F1-71355AA0745C}
		{06409697-0514-4D62-A35E-3650AC82BFBA} = {C5A2E5A3-0855-4A3B-B585-DE1497591494}
	EndGlobalSection
	GlobalSection(ExtensibilityGlobals) = postSolution
		SolutionGuid = {F61AB8D7-509F-4146-A726-642801957F23}
	EndGlobalSection
EndGlobal
